
Microsoft Visual Studio Solution File, Format Version 12.00
# Visual Studio 15
VisualStudioVersion = 15.0.27703.2035
MinimumVisualStudioVersion = 10.0.40219.1
Project("{FAE04EC0-301F-11D3-BF4B-00C04F79EFBC}") = "usicMusic", "usicMusic\usicMusic.csproj", "{DCC5B018-E6FD-4040-8F41-E500ED31563C}"
EndProject
Global
	GlobalSection(SolutionConfigurationPlatforms) = preSolution
		Debug|Any CPU = Debug|Any CPU
		Release|Any CPU = Release|Any CPU
	EndGlobalSection
	GlobalSection(ProjectConfigurationPlatforms) = postSolution
		{DCC5B018-E6FD-4040-8F41-E500ED31563C}.Debug|Any CPU.ActiveCfg = Debug|Any CPU
		{DCC5B018-E6FD-4040-8F41-E500ED31563C}.Debug|Any CPU.Build.0 = Debug|Any CPU
		{DCC5B018-E6FD-4040-8F41-E500ED31563C}.Release|Any CPU.ActiveCfg = Release|Any CPU
		{DCC5B018-E6FD-4040-8F41-E500ED31563C}.Release|Any CPU.Build.0 = Release|Any CPU
	EndGlobalSection
	GlobalSection(SolutionProperties) = preSolution
		HideSolutionNode = FALSE
	EndGlobalSection
	GlobalSection(ExtensibilityGlobals) = postSolution
		SolutionGuid = {81A1CEE7-2E29-4002-BDAC-7EC0AF7850D8}
	EndGlobalSection
EndGlobal
